
Microsoft Visual Studio Solution File, Format Version 12.00
# Visual Studio Version 16
VisualStudioVersion = 16.0.810.11
MinimumVisualStudioVersion = 10.0.40219.1
Project("{FAE04EC0-301F-11D3-BF4B-00C04F79EFBC}") = "PersonalBlog", "PersonalBlog\PersonalBlog.csproj", "{10D8EEBA-2DCE-4CFF-9EBC-A4AEDFBC5E4A}"
EndProject
Global
	GlobalSection(SolutionConfigurationPlatforms) = preSolution
		Debug|Any CPU = Debug|Any CPU
		Release|Any CPU = Release|Any CPU
	EndGlobalSection
	GlobalSection(ProjectConfigurationPlatforms) = postSolution
		{10D8EEBA-2DCE-4CFF-9EBC-A4AEDFBC5E4A}.Debug|Any CPU.ActiveCfg = Debug|Any CPU
		{10D8EEBA-2DCE-4CFF-9EBC-A4AEDFBC5E4A}.Debug|Any CPU.Build.0 = Debug|Any CPU
		{10D8EEBA-2DCE-4CFF-9EBC-A4AEDFBC5E4A}.Release|Any CPU.ActiveCfg = Release|Any CPU
		{10D8EEBA-2DCE-4CFF-9EBC-A4AEDFBC5E4A}.Release|Any CPU.Build.0 = Release|Any CPU
	EndGlobalSection
	GlobalSection(SolutionProperties) = preSolution
		HideSolutionNode = FALSE
	EndGlobalSection
	GlobalSection(ExtensibilityGlobals) = postSolution
		SolutionGuid = {3DA527DF-EB76-42B1-9203-12F3A5AC2DA1}
	EndGlobalSection
EndGlobal
